
Microsoft Visual Studio Solution File, Format Version 12.00
# Visual Studio Version 16
VisualStudioVersion = 16.0.29001.49
MinimumVisualStudioVersion = 10.0.40219.1
Project("{FAE04EC0-301F-11D3-BF4B-00C04F79EFBC}") = "reprodu", "reprodu.csproj", "{09F9AEE8-906E-45AD-B87B-ECA430946B6C}"
EndProject
Global
	GlobalSection(SolutionConfigurationPlatforms) = preSolution
		Debug|Any CPU = Debug|Any CPU
		Release|Any CPU = Release|Any CPU
	EndGlobalSection
	GlobalSection(ProjectConfigurationPlatforms) = postSolution
		{09F9AEE8-906E-45AD-B87B-ECA430946B6C}.Debug|Any CPU.ActiveCfg = Debug|Any CPU
		{09F9AEE8-906E-45AD-B87B-ECA430946B6C}.Debug|Any CPU.Build.0 = Debug|Any CPU
		{09F9AEE8-906E-45AD-B87B-ECA430946B6C}.Release|Any CPU.ActiveCfg = Release|Any CPU
		{09F9AEE8-906E-45AD-B87B-ECA430946B6C}.Release|Any CPU.Build.0 = Release|Any CPU
	EndGlobalSection
	GlobalSection(SolutionProperties) = preSolution
		HideSolutionNode = FALSE
	EndGlobalSection
	GlobalSection(ExtensibilityGlobals) = postSolution
		SolutionGuid = {5C23FBFD-3CAE-4667-B7EB-9E2F0D51B035}
	EndGlobalSection
EndGlobal
